
Microsoft Visual Studio Solution File, Format Version 12.00
# Visual Studio Version 17
VisualStudioVersion = 17.14.36221.1 d17.14
MinimumVisualStudioVersion = 10.0.40219.1
Project("{FAE04EC0-301F-11D3-BF4B-00C04F79EFBC}") = "Yagonia_EXER08", "Yagonia_EXER08\Yagonia_EXER08.csproj", "{CDB971D4-2423-4A1A-A52B-15C8AD11EC99}"
EndProject
Global
	GlobalSection(SolutionConfigurationPlatforms) = preSolution
		Debug|Any CPU = Debug|Any CPU
		Release|Any CPU = Release|Any CPU
	EndGlobalSection
	GlobalSection(ProjectConfigurationPlatforms) = postSolution
		{CDB971D4-2423-4A1A-A52B-15C8AD11EC99}.Debug|Any CPU.ActiveCfg = Debug|Any CPU
		{CDB971D4-2423-4A1A-A52B-15C8AD11EC99}.Debug|Any CPU.Build.0 = Debug|Any CPU
		{CDB971D4-2423-4A1A-A52B-15C8AD11EC99}.Release|Any CPU.ActiveCfg = Release|Any CPU
		{CDB971D4-2423-4A1A-A52B-15C8AD11EC99}.Release|Any CPU.Build.0 = Release|Any CPU
	EndGlobalSection
	GlobalSection(SolutionProperties) = preSolution
		HideSolutionNode = FALSE
	EndGlobalSection
	GlobalSection(ExtensibilityGlobals) = postSolution
		SolutionGuid = {297E0B3D-B539-42F9-A59D-5BF89415824F}
	EndGlobalSection
EndGlobal
