
Microsoft Visual Studio Solution File, Format Version 12.00
# Visual Studio Version 17
VisualStudioVersion = 17.14.36221.1 d17.14
MinimumVisualStudioVersion = 10.0.40219.1
Project("{FAE04EC0-301F-11D3-BF4B-00C04F79EFBC}") = "YAgonia_EXER08InheritancewithUserInput", "YAgonia_EXER08InheritancewithUserInput\YAgonia_EXER08InheritancewithUserInput.csproj", "{E8E0D6BA-25BA-4B2A-89E6-E71AC238B29A}"
EndProject
Global
	GlobalSection(SolutionConfigurationPlatforms) = preSolution
		Debug|Any CPU = Debug|Any CPU
		Release|Any CPU = Release|Any CPU
	EndGlobalSection
	GlobalSection(ProjectConfigurationPlatforms) = postSolution
		{E8E0D6BA-25BA-4B2A-89E6-E71AC238B29A}.Debug|Any CPU.ActiveCfg = Debug|Any CPU
		{E8E0D6BA-25BA-4B2A-89E6-E71AC238B29A}.Debug|Any CPU.Build.0 = Debug|Any CPU
		{E8E0D6BA-25BA-4B2A-89E6-E71AC238B29A}.Release|Any CPU.ActiveCfg = Release|Any CPU
		{E8E0D6BA-25BA-4B2A-89E6-E71AC238B29A}.Release|Any CPU.Build.0 = Release|Any CPU
	EndGlobalSection
	GlobalSection(SolutionProperties) = preSolution
		HideSolutionNode = FALSE
	EndGlobalSection
	GlobalSection(ExtensibilityGlobals) = postSolution
		SolutionGuid = {DF9AB7BB-80F1-4244-AC87-EB4842F63773}
	EndGlobalSection
EndGlobal
